PODS:
  - FlutterMacOS (1.0.0)
  - webview_universal (0.0.1):
    - FlutterMacOS

DEPENDENCIES:
  - FlutterMacOS (from `Flutter/ephemeral`)
  - webview_universal (from `Flutter/ephemeral/.symlinks/plugins/webview_universal/macos`)

EXTERNAL SOURCES:
  FlutterMacOS:
    :path: Flutter/ephemeral
  webview_universal:
    :path: Flutter/ephemeral/.symlinks/plugins/webview_universal/macos

SPEC CHECKSUMS:
  FlutterMacOS: 8f6f14fa908a6fb3fba0cd85dbd81ec4b251fb24
  webview_universal: 3a173051d546df80bdb9d2f12861423cda2a16a1

PODFILE CHECKSUM: 353c8bcc5d5b0994e508d035b5431cfe18c1dea7

COCOAPODS: 1.12.0
